
Microsoft Visual Studio Solution File, Format Version 12.00
# Visual Studio 15
VisualStudioVersion = 15.0.27130.2036
MinimumVisualStudioVersion = 10.0.40219.1
Project("{FAE04EC0-301F-11D3-BF4B-00C04F79EFBC}") = "App", "App\App.csproj", "{D395A612-9A50-4589-B403-35DB8A2D2E17}"
EndProject
Global
	GlobalSection(SolutionConfigurationPlatforms) = preSolution
		Debug|Any CPU = Debug|Any CPU
		Release|Any CPU = Release|Any CPU
	EndGlobalSection
	GlobalSection(ProjectConfigurationPlatforms) = postSolution
		{D395A612-9A50-4589-B403-35DB8A2D2E17}.Debug|Any CPU.ActiveCfg = Debug|Any CPU
		{D395A612-9A50-4589-B403-35DB8A2D2E17}.Debug|Any CPU.Build.0 = Debug|Any CPU
		{D395A612-9A50-4589-B403-35DB8A2D2E17}.Release|Any CPU.ActiveCfg = Release|Any CPU
		{D395A612-9A50-4589-B403-35DB8A2D2E17}.Release|Any CPU.Build.0 = Release|Any CPU
	EndGlobalSection
	GlobalSection(SolutionProperties) = preSolution
		HideSolutionNode = FALSE
	EndGlobalSection
	GlobalSection(ExtensibilityGlobals) = postSolution
		SolutionGuid = {057474FB-8BB7-4557-9A53-57253B7A6C87}
	EndGlobalSection
EndGlobal
